// !$*UTF8*$!
{
	archiveVersion = 1;
	classes = {
	};
	objectVersion = 46;
	objects = {

/* Begin PBXBuildFile section */
		B0A760D017DCAC5600A7D944 /* UIKit.framework in Frameworks */ = {isa = PBXBuildFile; fileRef = B0A760CF17DCAC5600A7D944 /* UIKit.framework */; };
		B0A760D217DCAC5600A7D944 /* Foundation.framework in Frameworks */ = {isa = PBXBuildFile; fileRef = B0A760D117DCAC5600A7D944 /* Foundation.framework */; };
		B0A760D417DCAC5600A7D944 /* CoreGraphics.framework in Frameworks */ = {isa = PBXBuildFile; fileRef = B0A760D317DCAC5600A7D944 /* CoreGraphics.framework */; };
		B0A760DA17DCAC5700A7D944 /* InfoPlist.strings in Resources */ = {isa = PBXBuildFile; fileRef = B0A760D817DCAC5700A7D944 /* InfoPlist.strings */; };
		B0A760DC17DCAC5700A7D944 /* main.m in Sources */ = {isa = PBXBuildFile; fileRef = B0A760DB17DCAC5700A7D944 /* main.m */; };
		B0A760E017DCAC5700A7D944 /* AppDelegate.m in Sources */ = {isa = PBXBuildFile; fileRef = B0A760DF17DCAC5700A7D944 /* AppDelegate.m */; };
		B0A760E217DCAC5700A7D944 /* Default.png in Resources */ = {isa = PBXBuildFile; fileRef = B0A760E117DCAC5700A7D944 /* Default.png */; };
		B0A760E417DCAC5700A7D944 /* Default@2x.png in Resources */ = {isa = PBXBuildFile; fileRef = B0A760E317DCAC5700A7D944 /* Default@2x.png */; };
		B0A760E617DCAC5700A7D944 /* Default-568h@2x.png in Resources */ = {isa = PBXBuildFile; fileRef = B0A760E517DCAC5700A7D944 /* Default-568h@2x.png */; };
		B0A760E917DCAC5700A7D944 /* MainStoryboard.storyboard in Resources */ = {isa = PBXBuildFile; fileRef = B0A760E717DCAC5700A7D944 /* MainStoryboard.storyboard */; };
		B0A760EC17DCAC5700A7D944 /* ViewController.m in Sources */ = {isa = PBXBuildFile; fileRef = B0A760EB17DCAC5700A7D944 /* ViewController.m */; };
		B0A760FC17DCAFE000A7D944 /* libTheAmazingAudioEngine.a in Frameworks */ = {isa = PBXBuildFile; fileRef = B0A760F917DCAFD000A7D944 /* libTheAmazingAudioEngine.a */; };
		B0A760FF17DCAFE000A7D944 /* Accelerate.framework in Frameworks */ = {isa = PBXBuildFile; fileRef = B0A760FD17DCAFE000A7D944 /* Accelerate.framework */; };
		B0A7610017DCAFE000A7D944 /* AudioToolbox.framework in Frameworks */ = {isa = PBXBuildFile; fileRef = B0A760FE17DCAFE000A7D944 /* AudioToolbox.framework */; };
/* End PBXBuildFile section */

/* Begin PBXContainerItemProxy section */
		B0A760F817DCAFD000A7D944 /* PBXContainerItemProxy */ = {
			isa = PBXContainerItemProxy;
			containerPortal = B0A760F417DCAFCF00A7D944 /* TheAmazingAudioEngine.xcodeproj */;
			proxyType = 2;
			remoteGlobalIDString = 4C215CEC1523A7D500D36CAD;
			remoteInfo = TheAmazingAudioEngine;
		};
		B0A760FA17DCAFD700A7D944 /* PBXContainerItemProxy */ = {
			isa = PBXContainerItemProxy;
			containerPortal = B0A760F417DCAFCF00A7D944 /* TheAmazingAudioEngine.xcodeproj */;
			proxyType = 1;
			remoteGlobalIDString = 4C215CEB1523A7D500D36CAD;
			remoteInfo = TheAmazingAudioEngine;
		};
/* End PBXContainerItemProxy section */

/* Begin PBXFileReference section */
		B0A760CC17DCAC5600A7D944 /* STK on iOS.app */ = {isa = PBXFileReference; explicitFileType = wrapper.application; includeInIndex = 0; path = "STK on iOS.app"; sourceTree = BUILT_PRODUCTS_DIR; };
		B0A760CF17DCAC5600A7D944 /* UIKit.framework */ = {isa = PBXFileReference; lastKnownFileType = wrapper.framework; name = UIKit.framework; path = System/Library/Frameworks/UIKit.framework; sourceTree = SDKROOT; };
		B0A760D117DCAC5600A7D944 /* Foundation.framework */ = {isa = PBXFileReference; lastKnownFileType = wrapper.framework; name = Foundation.framework; path = System/Library/Frameworks/Foundation.framework; sourceTree = SDKROOT; };
		B0A760D317DCAC5600A7D944 /* CoreGraphics.framework */ = {isa = PBXFileReference; lastKnownFileType = wrapper.framework; name = CoreGraphics.framework; path = System/Library/Frameworks/CoreGraphics.framework; sourceTree = SDKROOT; };
		B0A760D717DCAC5700A7D944 /* STK on iOS-Info.plist */ = {isa = PBXFileReference; lastKnownFileType = text.plist.xml; path = "STK on iOS-Info.plist"; sourceTree = "<group>"; };
		B0A760D917DCAC5700A7D944 /* en */ = {isa = PBXFileReference; lastKnownFileType = text.plist.strings; name = en; path = en.lproj/InfoPlist.strings; sourceTree = "<group>"; };
		B0A760DB17DCAC5700A7D944 /* main.m */ = {isa = PBXFileReference; lastKnownFileType = sourcecode.c.objc; path = main.m; sourceTree = "<group>"; };
		B0A760DD17DCAC5700A7D944 /* STK on iOS-Prefix.pch */ = {isa = PBXFileReference; lastKnownFileType = sourcecode.c.h; path = "STK on iOS-Prefix.pch"; sourceTree = "<group>"; };
		B0A760DE17DCAC5700A7D944 /* AppDelegate.h */ = {isa = PBXFileReference; lastKnownFileType = sourcecode.c.h; path = AppDelegate.h; sourceTree = "<group>"; };
		B0A760DF17DCAC5700A7D944 /* AppDelegate.m */ = {isa = PBXFileReference; lastKnownFileType = sourcecode.c.objc; path = AppDelegate.m; sourceTree = "<group>"; };
		B0A760E117DCAC5700A7D944 /* Default.png */ = {isa = PBXFileReference; lastKnownFileType = image.png; path = Default.png; sourceTree = "<group>"; };
		B0A760E317DCAC5700A7D944 /* Default@2x.png */ = {isa = PBXFileReference; lastKnownFileType = image.png; path = "Default@2x.png"; sourceTree = "<group>"; };
		B0A760E517DCAC5700A7D944 /* Default-568h@2x.png */ = {isa = PBXFileReference; lastKnownFileType = image.png; path = "Default-568h@2x.png"; sourceTree = "<group>"; };
		B0A760E817DCAC5700A7D944 /* en */ = {isa = PBXFileReference; lastKnownFileType = file.storyboard; name = en; path = en.lproj/MainStoryboard.storyboard; sourceTree = "<group>"; };
		B0A760EA17DCAC5700A7D944 /* ViewController.h */ = {isa = PBXFileReference; lastKnownFileType = sourcecode.c.h; path = ViewController.h; sourceTree = "<group>"; };
		B0A760EB17DCAC5700A7D944 /* ViewController.m */ = {isa = PBXFileReference; lastKnownFileType = sourcecode.c.objc; path = ViewController.m; sourceTree = "<group>"; };
		B0A760F417DCAFCF00A7D944 /* TheAmazingAudioEngine.xcodeproj */ = {isa = PBXFileReference; lastKnownFileType = "wrapper.pb-project"; name = TheAmazingAudioEngine.xcodeproj; path = TheAmazingAudioEngine/TheAmazingAudioEngine.xcodeproj; sourceTree = "<group>"; };
		B0A760FD17DCAFE000A7D944 /* Accelerate.framework */ = {isa = PBXFileReference; lastKnownFileType = wrapper.framework; name = Accelerate.framework; path = System/Library/Frameworks/Accelerate.framework; sourceTree = SDKROOT; };
		B0A760FE17DCAFE000A7D944 /* AudioToolbox.framework */ = {isa = PBXFileReference; lastKnownFileType = wrapper.framework; name = AudioToolbox.framework; path = System/Library/Frameworks/AudioToolbox.framework; sourceTree = SDKROOT; };
/* End PBXFileReference section */

/* Begin PBXFrameworksBuildPhase section */
		B0A760C917DCAC5600A7D944 /* Frameworks */ = {
			isa = PBXFrameworksBuildPhase;
			buildActionMask = 2147483647;
			files = (
				B0A760FF17DCAFE000A7D944 /* Accelerate.framework in Frameworks */,
				B0A7610017DCAFE000A7D944 /* AudioToolbox.framework in Frameworks */,
				B0A760FC17DCAFE000A7D944 /* libTheAmazingAudioEngine.a in Frameworks */,
				B0A760D017DCAC5600A7D944 /* UIKit.framework in Frameworks */,
				B0A760D217DCAC5600A7D944 /* Foundation.framework in Frameworks */,
				B0A760D417DCAC5600A7D944 /* CoreGraphics.framework in Frameworks */,
			);
			runOnlyForDeploymentPostprocessing = 0;
		};
/* End PBXFrameworksBuildPhase section */

/* Begin PBXGroup section */
		B0A760C317DCAC5600A7D944 = {
			isa = PBXGroup;
			children = (
				B0A760F417DCAFCF00A7D944 /* TheAmazingAudioEngine.xcodeproj */,
				B0A760D517DCAC5600A7D944 /* STK on iOS */,
				B0A760CE17DCAC5600A7D944 /* Frameworks */,
				B0A760CD17DCAC5600A7D944 /* Products */,
			);
			sourceTree = "<group>";
		};
		B0A760CD17DCAC5600A7D944 /* Products */ = {
			isa = PBXGroup;
			children = (
				B0A760CC17DCAC5600A7D944 /* STK on iOS.app */,
			);
			name = Products;
			sourceTree = "<group>";
		};
		B0A760CE17DCAC5600A7D944 /* Frameworks */ = {
			isa = PBXGroup;
			children = (
				B0A760FD17DCAFE000A7D944 /* Accelerate.framework */,
				B0A760FE17DCAFE000A7D944 /* AudioToolbox.framework */,
				B0A760CF17DCAC5600A7D944 /* UIKit.framework */,
				B0A760D117DCAC5600A7D944 /* Foundation.framework */,
				B0A760D317DCAC5600A7D944 /* CoreGraphics.framework */,
			);
			name = Frameworks;
			sourceTree = "<group>";
		};
		B0A760D517DCAC5600A7D944 /* STK on iOS */ = {
			isa = PBXGroup;
			children = (
				B0A760DE17DCAC5700A7D944 /* AppDelegate.h */,
				B0A760DF17DCAC5700A7D944 /* AppDelegate.m */,
				B0A760E717DCAC5700A7D944 /* MainStoryboard.storyboard */,
				B0A760EA17DCAC5700A7D944 /* ViewController.h */,
				B0A760EB17DCAC5700A7D944 /* ViewController.m */,
				B0A760D617DCAC5700A7D944 /* Supporting Files */,
			);
			path = "STK on iOS";
			sourceTree = "<group>";
		};
		B0A760D617DCAC5700A7D944 /* Supporting Files */ = {
			isa = PBXGroup;
			children = (
				B0A760D717DCAC5700A7D944 /* STK on iOS-Info.plist */,
				B0A760D817DCAC5700A7D944 /* InfoPlist.strings */,
				B0A760DB17DCAC5700A7D944 /* main.m */,
				B0A760DD17DCAC5700A7D944 /* STK on iOS-Prefix.pch */,
				B0A760E117DCAC5700A7D944 /* Default.png */,
				B0A760E317DCAC5700A7D944 /* Default@2x.png */,
				B0A760E517DCAC5700A7D944 /* Default-568h@2x.png */,
			);
			name = "Supporting Files";
			sourceTree = "<group>";
		};
		B0A760F517DCAFCF00A7D944 /* Products */ = {
			isa = PBXGroup;
			children = (
				B0A760F917DCAFD000A7D944 /* libTheAmazingAudioEngine.a */,
			);
			name = Products;
			sourceTree = "<group>";
		};
/* End PBXGroup section */

/* Begin PBXNativeTarget section */
		B0A760CB17DCAC5600A7D944 /* STK on iOS */ = {
			isa = PBXNativeTarget;
			buildConfigurationList = B0A760EF17DCAC5700A7D944 /* Build configuration list for PBXNativeTarget "STK on iOS" */;
			buildPhases = (
				B0A760C817DCAC5600A7D944 /* Sources */,
				B0A760C917DCAC5600A7D944 /* Frameworks */,
				B0A760CA17DCAC5600A7D944 /* Resources */,
			);
			buildRules = (
			);
			dependencies = (
				B0A760FB17DCAFD700A7D944 /* PBXTargetDependency */,
			);
			name = "STK on iOS";
			productName = "STK on iOS";
			productReference = B0A760CC17DCAC5600A7D944 /* STK on iOS.app */;
			productType = "com.apple.product-type.application";
		};
/* End PBXNativeTarget section */

/* Begin PBXProject section */
		B0A760C417DCAC5600A7D944 /* Project object */ = {
			isa = PBXProject;
			attributes = {
				LastUpgradeCheck = 0460;
				ORGANIZATIONNAME = ariel;
			};
			buildConfigurationList = B0A760C717DCAC5600A7D944 /* Build configuration list for PBXProject "STK on iOS" */;
			compatibilityVersion = "Xcode 3.2";
			developmentRegion = English;
			hasScannedForEncodings = 0;
			knownRegions = (
				en,
			);
			mainGroup = B0A760C317DCAC5600A7D944;
			productRefGroup = B0A760CD17DCAC5600A7D944 /* Products */;
			projectDirPath = "";
			projectReferences = (
				{
					ProductGroup = B0A760F517DCAFCF00A7D944 /* Products */;
					ProjectRef = B0A760F417DCAFCF00A7D944 /* TheAmazingAudioEngine.xcodeproj */;
				},
			);
			projectRoot = "";
			targets = (
				B0A760CB17DCAC5600A7D944 /* STK on iOS */,
			);
		};
/* End PBXProject section */

/* Begin PBXReferenceProxy section */
		B0A760F917DCAFD000A7D944 /* libTheAmazingAudioEngine.a */ = {
			isa = PBXReferenceProxy;
			fileType = archive.ar;
			path = libTheAmazingAudioEngine.a;
			remoteRef = B0A760F817DCAFD000A7D944 /* PBXContainerItemProxy */;
			sourceTree = BUILT_PRODUCTS_DIR;
		};
/* End PBXReferenceProxy section */

/* Begin PBXResourcesBuildPhase section */
		B0A760CA17DCAC5600A7D944 /* Resources */ = {
			isa = PBXResourcesBuildPhase;
			buildActionMask = 2147483647;
			files = (
				B0A760DA17DCAC5700A7D944 /* InfoPlist.strings in Resources */,
				B0A760E217DCAC5700A7D944 /* Default.png in Resources */,
				B0A760E417DCAC5700A7D944 /* Default@2x.png in Resources */,
				B0A760E617DCAC5700A7D944 /* Default-568h@2x.png in Resources */,
				B0A760E917DCAC5700A7D944 /* MainStoryboard.storyboard in Resources */,
			);
			runOnlyForDeploymentPostprocessing = 0;
		};
/* End PBXResourcesBuildPhase section */

/* Begin PBXSourcesBuildPhase section */
		B0A760C817DCAC5600A7D944 /* Sources */ = {
			isa = PBXSourcesBuildPhase;
			buildActionMask = 2147483647;
			files = (
				B0A760DC17DCAC5700A7D944 /* main.m in Sources */,
				B0A760E017DCAC5700A7D944 /* AppDelegate.m in Sources */,
				B0A760EC17DCAC5700A7D944 /* ViewController.m in Sources */,
			);
			runOnlyForDeploymentPostprocessing = 0;
		};
/* End PBXSourcesBuildPhase section */

/* Begin PBXTargetDependency section */
		B0A760FB17DCAFD700A7D944 /* PBXTargetDependency */ = {
			isa = PBXTargetDependency;
			name = TheAmazingAudioEngine;
			targetProxy = B0A760FA17DCAFD700A7D944 /* PBXContainerItemProxy */;
		};
/* End PBXTargetDependency section */

/* Begin PBXVariantGroup section */
		B0A760D817DCAC5700A7D944 /* InfoPlist.strings */ = {
			isa = PBXVariantGroup;
			children = (
				B0A760D917DCAC5700A7D944 /* en */,
			);
			name = InfoPlist.strings;
			sourceTree = "<group>";
		};
		B0A760E717DCAC5700A7D944 /* MainStoryboard.storyboard */ = {
			isa = PBXVariantGroup;
			children = (
				B0A760E817DCAC5700A7D944 /* en */,
			);
			name = MainStoryboard.storyboard;
			sourceTree = "<group>";
		};
/* End PBXVariantGroup section */

/* Begin XCBuildConfiguration section */
		B0A760ED17DCAC5700A7D944 /* Debug */ = {
			isa = XCBuildConfiguration;
			buildSettings = {
				ALWAYS_SEARCH_USER_PATHS = NO;
				CLANG_CXX_LANGUAGE_STANDARD = "gnu++0x";
				CLANG_CXX_LIBRARY = "libc++";
				CLANG_ENABLE_OBJC_ARC = YES;
				CLANG_WARN_CONSTANT_CONVERSION = YES;
				CLANG_WARN_EMPTY_BODY = YES;
				CLANG_WARN_ENUM_CONVERSION = YES;
				CLANG_WARN_INT_CONVERSION = YES;
				CLANG_WARN__DUPLICATE_METHOD_MATCH = YES;
				"CODE_SIGN_IDENTITY[sdk=iphoneos*]" = "iPhone Developer";
				COPY_PHASE_STRIP = NO;
				GCC_C_LANGUAGE_STANDARD = gnu99;
				GCC_DYNAMIC_NO_PIC = NO;
				GCC_OPTIMIZATION_LEVEL = 0;
				GCC_PREPROCESSOR_DEFINITIONS = (
					"DEBUG=1",
					"$(inherited)",
				);
				GCC_SYMBOLS_PRIVATE_EXTERN = NO;
				GCC_WARN_ABOUT_RETURN_TYPE = YES;
				GCC_WARN_UNINITIALIZED_AUTOS = YES;
				GCC_WARN_UNUSED_VARIABLE = YES;
				IPHONEOS_DEPLOYMENT_TARGET = 6.1;
				ONLY_ACTIVE_ARCH = YES;
				SDKROOT = iphoneos;
			};
			name = Debug;
		};
		B0A760EE17DCAC5700A7D944 /* Release */ = {
			isa = XCBuildConfiguration;
			buildSettings = {
				ALWAYS_SEARCH_USER_PATHS = NO;
				CLANG_CXX_LANGUAGE_STANDARD = "gnu++0x";
				CLANG_CXX_LIBRARY = "libc++";
				CLANG_ENABLE_OBJC_ARC = YES;
				CLANG_WARN_CONSTANT_CONVERSION = YES;
				CLANG_WARN_EMPTY_BODY = YES;
				CLANG_WARN_ENUM_CONVERSION = YES;
				CLANG_WARN_INT_CONVERSION = YES;
				CLANG_WARN__DUPLICATE_METHOD_MATCH = YES;
				"CODE_SIGN_IDENTITY[sdk=iphoneos*]" = "iPhone Developer";
				COPY_PHASE_STRIP = YES;
				GCC_C_LANGUAGE_STANDARD = gnu99;
				GCC_WARN_ABOUT_RETURN_TYPE = YES;
				GCC_WARN_UNINITIALIZED_AUTOS = YES;
				GCC_WARN_UNUSED_VARIABLE = YES;
				IPHONEOS_DEPLOYMENT_TARGET = 6.1;
				OTHER_CFLAGS = "-DNS_BLOCK_ASSERTIONS=1";
				SDKROOT = iphoneos;
				VALIDATE_PRODUCT = YES;
			};
			name = Release;
		};
		B0A760F017DCAC5700A7D944 /* Debug */ = {
			isa = XCBuildConfiguration;
			buildSettings = {
				GCC_PRECOMPILE_PREFIX_HEADER = YES;
				GCC_PREFIX_HEADER = "STK on iOS/STK on iOS-Prefix.pch";
				HEADER_SEARCH_PATHS = TheAmazingAudioEngine/TheAmazingAudioEngine;
				INFOPLIST_FILE = "STK on iOS/STK on iOS-Info.plist";
				PRODUCT_NAME = "$(TARGET_NAME)";
				WRAPPER_EXTENSION = app;
			};
			name = Debug;
		};
		B0A760F117DCAC5700A7D944 /* Release */ = {
			isa = XCBuildConfiguration;
			buildSettings = {
				GCC_PRECOMPILE_PREFIX_HEADER = YES;
				GCC_PREFIX_HEADER = "STK on iOS/STK on iOS-Prefix.pch";
				HEADER_SEARCH_PATHS = TheAmazingAudioEngine/TheAmazingAudioEngine;
				INFOPLIST_FILE = "STK on iOS/STK on iOS-Info.plist";
				PRODUCT_NAME = "$(TARGET_NAME)";
				WRAPPER_EXTENSION = app;
			};
			name = Release;
		};
/* End XCBuildConfiguration section */

/* Begin XCConfigurationList section */
		B0A760C717DCAC5600A7D944 /* Build configuration list for PBXProject "STK on iOS" */ = {
			isa = XCConfigurationList;
			buildConfigurations = (
				B0A760ED17DCAC5700A7D944 /* Debug */,
				B0A760EE17DCAC5700A7D944 /* Release */,
			);
			defaultConfigurationIsVisible = 0;
			defaultConfigurationName = Release;
		};
		B0A760EF17DCAC5700A7D944 /* Build configuration list for PBXNativeTarget "STK on iOS" */ = {
			isa = XCConfigurationList;
			buildConfigurations = (
				B0A760F017DCAC5700A7D944 /* Debug */,
				B0A760F117DCAC5700A7D944 /* Release */,
			);
			defaultConfigurationIsVisible = 0;
			defaultConfigurationName = Release;
		};
/* End XCConfigurationList section */
	};
	rootObject = B0A760C417DCAC5600A7D944 /* Project object */;
}
